// !$*UTF8*$!
{
	archiveVersion = 1;
	classes = {
	};
	objectVersion = 56;
	objects = {

/* Begin PBXBuildFile section */
		F911C5162B9F7FAD00FD5594 /* LinkToAppView.swift in Sources */ = {isa = PBXBuildFile; fileRef = F911C5152B9F7FAD00FD5594 /* LinkToAppView.swift */; };
		F91E522E2B9902E6002DD16D /* NavigationPostApp.swift in Sources */ = {isa = PBXBuildFile; fileRef = F91E522D2B9902E6002DD16D /* NavigationPostApp.swift */; };
		F91E52302B9902E6002DD16D /* ContentView.swift in Sources */ = {isa = PBXBuildFile; fileRef = F91E522F2B9902E6002DD16D /* ContentView.swift */; };
		F91E52322B9902E8002DD16D /* Assets.xcassets in Resources */ = {isa = PBXBuildFile; fileRef = F91E52312B9902E8002DD16D /* Assets.xcassets */; };
		F91E52352B9902E8002DD16D /* Preview Assets.xcassets in Resources */ = {isa = PBXBuildFile; fileRef = F91E52342B9902E8002DD16D /* Preview Assets.xcassets */; };
		F91E523D2B990326002DD16D /* Post.swift in Sources */ = {isa = PBXBuildFile; fileRef = F91E523C2B990326002DD16D /* Post.swift */; };
		F91E523F2B990818002DD16D /* InfoDetailsView.swift in Sources */ = {isa = PBXBuildFile; fileRef = F91E523E2B990818002DD16D /* InfoDetailsView.swift */; };
		F91E52412B990853002DD16D /* InfoRowView.swift in Sources */ = {isa = PBXBuildFile; fileRef = F91E52402B990853002DD16D /* InfoRowView.swift */; };
		F91E52432B9908A0002DD16D /* InfoView.swift in Sources */ = {isa = PBXBuildFile; fileRef = F91E52422B9908A0002DD16D /* InfoView.swift */; };
		F91E524B2B990AAE002DD16D /* AppStateView.swift in Sources */ = {isa = PBXBuildFile; fileRef = F91E524A2B990AAE002DD16D /* AppStateView.swift */; };
		F91E524D2B990ABD002DD16D /* ColorTheme.swift in Sources */ = {isa = PBXBuildFile; fileRef = F91E524C2B990ABD002DD16D /* ColorTheme.swift */; };
		F91E524F2B9AFBD5002DD16D /* HelloView.swift in Sources */ = {isa = PBXBuildFile; fileRef = F91E524E2B9AFBD5002DD16D /* HelloView.swift */; };
		F91E52532B9AFD7E002DD16D /* SettingsView.swift in Sources */ = {isa = PBXBuildFile; fileRef = F91E52522B9AFD7E002DD16D /* SettingsView.swift */; };
		F91E52552B9AFF08002DD16D /* ColorGradientView.swift in Sources */ = {isa = PBXBuildFile; fileRef = F91E52542B9AFF08002DD16D /* ColorGradientView.swift */; };
		F91E52592B9B004E002DD16D /* ImageStyler.swift in Sources */ = {isa = PBXBuildFile; fileRef = F91E52582B9B004E002DD16D /* ImageStyler.swift */; };
		F91E525B2B9B010C002DD16D /* DataController.swift in Sources */ = {isa = PBXBuildFile; fileRef = F91E525A2B9B010C002DD16D /* DataController.swift */; };
		F91E525D2B9B013F002DD16D /* CoursePart.swift in Sources */ = {isa = PBXBuildFile; fileRef = F91E525C2B9B013F002DD16D /* CoursePart.swift */; };
		F91E525F2B9B016A002DD16D /* CourseCell.swift in Sources */ = {isa = PBXBuildFile; fileRef = F91E525E2B9B016A002DD16D /* CourseCell.swift */; };
		F91E52612B9B02A9002DD16D /* AppInStore.swift in Sources */ = {isa = PBXBuildFile; fileRef = F91E52602B9B02A9002DD16D /* AppInStore.swift */; };
/* End PBXBuildFile section */

/* Begin PBXFileReference section */
		F911C5152B9F7FAD00FD5594 /* LinkToAppView.swift */ = {isa = PBXFileReference; lastKnownFileType = sourcecode.swift; path = LinkToAppView.swift; sourceTree = "<group>"; };
		F91E522A2B9902E6002DD16D /* NavigationPost.app */ = {isa = PBXFileReference; explicitFileType = wrapper.application; includeInIndex = 0; path = NavigationPost.app; sourceTree = BUILT_PRODUCTS_DIR; };
		F91E522D2B9902E6002DD16D /* NavigationPostApp.swift */ = {isa = PBXFileReference; lastKnownFileType = sourcecode.swift; path = NavigationPostApp.swift; sourceTree = "<group>"; };
		F91E522F2B9902E6002DD16D /* ContentView.swift */ = {isa = PBXFileReference; lastKnownFileType = sourcecode.swift; path = ContentView.swift; sourceTree = "<group>"; };
		F91E52312B9902E8002DD16D /* Assets.xcassets */ = {isa = PBXFileReference; lastKnownFileType = folder.assetcatalog; path = Assets.xcassets; sourceTree = "<group>"; };
		F91E52342B9902E8002DD16D /* Preview Assets.xcassets */ = {isa = PBXFileReference; lastKnownFileType = folder.assetcatalog; path = "Preview Assets.xcassets"; sourceTree = "<group>"; };
		F91E523C2B990326002DD16D /* Post.swift */ = {isa = PBXFileReference; lastKnownFileType = sourcecode.swift; path = Post.swift; sourceTree = "<group>"; };
		F91E523E2B990818002DD16D /* InfoDetailsView.swift */ = {isa = PBXFileReference; lastKnownFileType = sourcecode.swift; path = InfoDetailsView.swift; sourceTree = "<group>"; };
		F91E52402B990853002DD16D /* InfoRowView.swift */ = {isa = PBXFileReference; lastKnownFileType = sourcecode.swift; path = InfoRowView.swift; sourceTree = "<group>"; };
		F91E52422B9908A0002DD16D /* InfoView.swift */ = {isa = PBXFileReference; lastKnownFileType = sourcecode.swift; path = InfoView.swift; sourceTree = "<group>"; };
		F91E524A2B990AAE002DD16D /* AppStateView.swift */ = {isa = PBXFileReference; lastKnownFileType = sourcecode.swift; path = AppStateView.swift; sourceTree = "<group>"; };
		F91E524C2B990ABD002DD16D /* ColorTheme.swift */ = {isa = PBXFileReference; lastKnownFileType = sourcecode.swift; path = ColorTheme.swift; sourceTree = "<group>"; };
		F91E524E2B9AFBD5002DD16D /* HelloView.swift */ = {isa = PBXFileReference; lastKnownFileType = sourcecode.swift; path = HelloView.swift; sourceTree = "<group>"; };
		F91E52522B9AFD7E002DD16D /* SettingsView.swift */ = {isa = PBXFileReference; lastKnownFileType = sourcecode.swift; path = SettingsView.swift; sourceTree = "<group>"; };
		F91E52542B9AFF08002DD16D /* ColorGradientView.swift */ = {isa = PBXFileReference; lastKnownFileType = sourcecode.swift; path = ColorGradientView.swift; sourceTree = "<group>"; };
		F91E52582B9B004E002DD16D /* ImageStyler.swift */ = {isa = PBXFileReference; lastKnownFileType = sourcecode.swift; path = ImageStyler.swift; sourceTree = "<group>"; };
		F91E525A2B9B010C002DD16D /* DataController.swift */ = {isa = PBXFileReference; lastKnownFileType = sourcecode.swift; path = DataController.swift; sourceTree = "<group>"; };
		F91E525C2B9B013F002DD16D /* CoursePart.swift */ = {isa = PBXFileReference; lastKnownFileType = sourcecode.swift; path = CoursePart.swift; sourceTree = "<group>"; };
		F91E525E2B9B016A002DD16D /* CourseCell.swift */ = {isa = PBXFileReference; lastKnownFileType = sourcecode.swift; path = CourseCell.swift; sourceTree = "<group>"; };
		F91E52602B9B02A9002DD16D /* AppInStore.swift */ = {isa = PBXFileReference; lastKnownFileType = sourcecode.swift; path = AppInStore.swift; sourceTree = "<group>"; };
/* End PBXFileReference section */

/* Begin PBXFrameworksBuildPhase section */
		F91E52272B9902E6002DD16D /* Frameworks */ = {
			isa = PBXFrameworksBuildPhase;
			buildActionMask = 2147483647;
			files = (
			);
			runOnlyForDeploymentPostprocessing = 0;
		};
/* End PBXFrameworksBuildPhase section */

/* Begin PBXGroup section */
		F91E52212B9902E6002DD16D = {
			isa = PBXGroup;
			children = (
				F91E522C2B9902E6002DD16D /* NavigationPost */,
				F91E522B2B9902E6002DD16D /* Products */,
			);
			sourceTree = "<group>";
		};
		F91E522B2B9902E6002DD16D /* Products */ = {
			isa = PBXGroup;
			children = (
				F91E522A2B9902E6002DD16D /* NavigationPost.app */,
			);
			name = Products;
			sourceTree = "<group>";
		};
		F91E522C2B9902E6002DD16D /* NavigationPost */ = {
			isa = PBXGroup;
			children = (
				F91E52512B9AFD5D002DD16D /* Settings */,
				F91E52502B9AFCD4002DD16D /* Hello */,
				F91E52492B990A9F002DD16D /* Session2 */,
				F91E523B2B990314002DD16D /* Session1 */,
				F91E522D2B9902E6002DD16D /* NavigationPostApp.swift */,
				F91E522F2B9902E6002DD16D /* ContentView.swift */,
				F91E525A2B9B010C002DD16D /* DataController.swift */,
				F91E525C2B9B013F002DD16D /* CoursePart.swift */,
				F91E525E2B9B016A002DD16D /* CourseCell.swift */,
				F911C5152B9F7FAD00FD5594 /* LinkToAppView.swift */,
				F91E52312B9902E8002DD16D /* Assets.xcassets */,
				F91E52332B9902E8002DD16D /* Preview Content */,
			);
			path = NavigationPost;
			sourceTree = "<group>";
		};
		F91E52332B9902E8002DD16D /* Preview Content */ = {
			isa = PBXGroup;
			children = (
				F91E52342B9902E8002DD16D /* Preview Assets.xcassets */,
			);
			path = "Preview Content";
			sourceTree = "<group>";
		};
		F91E523B2B990314002DD16D /* Session1 */ = {
			isa = PBXGroup;
			children = (
				F91E52402B990853002DD16D /* InfoRowView.swift */,
				F91E523E2B990818002DD16D /* InfoDetailsView.swift */,
				F91E523C2B990326002DD16D /* Post.swift */,
				F91E52422B9908A0002DD16D /* InfoView.swift */,
			);
			path = Session1;
			sourceTree = "<group>";
		};
		F91E52492B990A9F002DD16D /* Session2 */ = {
			isa = PBXGroup;
			children = (
				F91E524A2B990AAE002DD16D /* AppStateView.swift */,
				F91E524C2B990ABD002DD16D /* ColorTheme.swift */,
			);
			path = Session2;
			sourceTree = "<group>";
		};
		F91E52502B9AFCD4002DD16D /* Hello */ = {
			isa = PBXGroup;
			children = (
				F91E524E2B9AFBD5002DD16D /* HelloView.swift */,
			);
			path = Hello;
			sourceTree = "<group>";
		};
		F91E52512B9AFD5D002DD16D /* Settings */ = {
			isa = PBXGroup;
			children = (
				F91E52522B9AFD7E002DD16D /* SettingsView.swift */,
				F91E52542B9AFF08002DD16D /* ColorGradientView.swift */,
				F91E52582B9B004E002DD16D /* ImageStyler.swift */,
				F91E52602B9B02A9002DD16D /* AppInStore.swift */,
			);
			path = Settings;
			sourceTree = "<group>";
		};
/* End PBXGroup section */

/* Begin PBXNativeTarget section */
		F91E52292B9902E6002DD16D /* NavigationPost */ = {
			isa = PBXNativeTarget;
			buildConfigurationList = F91E52382B9902E8002DD16D /* Build configuration list for PBXNativeTarget "NavigationPost" */;
			buildPhases = (
				F91E52262B9902E6002DD16D /* Sources */,
				F91E52272B9902E6002DD16D /* Frameworks */,
				F91E52282B9902E6002DD16D /* Resources */,
			);
			buildRules = (
			);
			dependencies = (
			);
			name = NavigationPost;
			productName = NavigationPost;
			productReference = F91E522A2B9902E6002DD16D /* NavigationPost.app */;
			productType = "com.apple.product-type.application";
		};
/* End PBXNativeTarget section */

/* Begin PBXProject section */
		F91E52222B9902E6002DD16D /* Project object */ = {
			isa = PBXProject;
			attributes = {
				BuildIndependentTargetsInParallel = 1;
				LastSwiftUpdateCheck = 1520;
				LastUpgradeCheck = 1520;
				TargetAttributes = {
					F91E52292B9902E6002DD16D = {
						CreatedOnToolsVersion = 15.2;
					};
				};
			};
			buildConfigurationList = F91E52252B9902E6002DD16D /* Build configuration list for PBXProject "NavigationPost" */;
			compatibilityVersion = "Xcode 14.0";
			developmentRegion = en;
			hasScannedForEncodings = 0;
			knownRegions = (
				en,
				Base,
			);
			mainGroup = F91E52212B9902E6002DD16D;
			productRefGroup = F91E522B2B9902E6002DD16D /* Products */;
			projectDirPath = "";
			projectRoot = "";
			targets = (
				F91E52292B9902E6002DD16D /* NavigationPost */,
			);
		};
/* End PBXProject section */

/* Begin PBXResourcesBuildPhase section */
		F91E52282B9902E6002DD16D /* Resources */ = {
			isa = PBXResourcesBuildPhase;
			buildActionMask = 2147483647;
			files = (
				F91E52352B9902E8002DD16D /* Preview Assets.xcassets in Resources */,
				F91E52322B9902E8002DD16D /* Assets.xcassets in Resources */,
			);
			runOnlyForDeploymentPostprocessing = 0;
		};
/* End PBXResourcesBuildPhase section */

/* Begin PBXSourcesBuildPhase section */
		F91E52262B9902E6002DD16D /* Sources */ = {
			isa = PBXSourcesBuildPhase;
			buildActionMask = 2147483647;
			files = (
				F911C5162B9F7FAD00FD5594 /* LinkToAppView.swift in Sources */,
				F91E52612B9B02A9002DD16D /* AppInStore.swift in Sources */,
				F91E524F2B9AFBD5002DD16D /* HelloView.swift in Sources */,
				F91E52592B9B004E002DD16D /* ImageStyler.swift in Sources */,
				F91E523D2B990326002DD16D /* Post.swift in Sources */,
				F91E52302B9902E6002DD16D /* ContentView.swift in Sources */,
				F91E524B2B990AAE002DD16D /* AppStateView.swift in Sources */,
				F91E523F2B990818002DD16D /* InfoDetailsView.swift in Sources */,
				F91E525D2B9B013F002DD16D /* CoursePart.swift in Sources */,
				F91E525B2B9B010C002DD16D /* DataController.swift in Sources */,
				F91E52532B9AFD7E002DD16D /* SettingsView.swift in Sources */,
				F91E52552B9AFF08002DD16D /* ColorGradientView.swift in Sources */,
				F91E522E2B9902E6002DD16D /* NavigationPostApp.swift in Sources */,
				F91E525F2B9B016A002DD16D /* CourseCell.swift in Sources */,
				F91E524D2B990ABD002DD16D /* ColorTheme.swift in Sources */,
				F91E52432B9908A0002DD16D /* InfoView.swift in Sources */,
				F91E52412B990853002DD16D /* InfoRowView.swift in Sources */,
			);
			runOnlyForDeploymentPostprocessing = 0;
		};
/* End PBXSourcesBuildPhase section */

/* Begin XCBuildConfiguration section */
		F91E52362B9902E8002DD16D /* Debug */ = {
			isa = XCBuildConfiguration;
			buildSettings = {
				ALWAYS_SEARCH_USER_PATHS = NO;
				ASSETCATALOG_COMPILER_GENERATE_SWIFT_ASSET_SYMBOL_EXTENSIONS = YES;
				CLANG_ANALYZER_NONNULL = YES;
				CLANG_ANALYZER_NUMBER_OBJECT_CONVERSION = YES_AGGRESSIVE;
				CLANG_CXX_LANGUAGE_STANDARD = "gnu++20";
				CLANG_ENABLE_MODULES = YES;
				CLANG_ENABLE_OBJC_ARC = YES;
				CLANG_ENABLE_OBJC_WEAK = YES;
				CLANG_WARN_BLOCK_CAPTURE_AUTORELEASING = YES;
				CLANG_WARN_BOOL_CONVERSION = YES;
				CLANG_WARN_COMMA = YES;
				CLANG_WARN_CONSTANT_CONVERSION = YES;
				CLANG_WARN_DEPRECATED_OBJC_IMPLEMENTATIONS = YES;
				CLANG_WARN_DIRECT_OBJC_ISA_USAGE = YES_ERROR;
				CLANG_WARN_DOCUMENTATION_COMMENTS = YES;
				CLANG_WARN_EMPTY_BODY = YES;
				CLANG_WARN_ENUM_CONVERSION = YES;
				CLANG_WARN_INFINITE_RECURSION = YES;
				CLANG_WARN_INT_CONVERSION = YES;
				CLANG_WARN_NON_LITERAL_NULL_CONVERSION = YES;
				CLANG_WARN_OBJC_IMPLICIT_RETAIN_SELF = YES;
				CLANG_WARN_OBJC_LITERAL_CONVERSION = YES;
				CLANG_WARN_OBJC_ROOT_CLASS = YES_ERROR;
				CLANG_WARN_QUOTED_INCLUDE_IN_FRAMEWORK_HEADER = YES;
				CLANG_WARN_RANGE_LOOP_ANALYSIS = YES;
				CLANG_WARN_STRICT_PROTOTYPES = YES;
				CLANG_WARN_SUSPICIOUS_MOVE = YES;
				CLANG_WARN_UNGUARDED_AVAILABILITY = YES_AGGRESSIVE;
				CLANG_WARN_UNREACHABLE_CODE = YES;
				CLANG_WARN__DUPLICATE_METHOD_MATCH = YES;
				COPY_PHASE_STRIP = NO;
				DEBUG_INFORMATION_FORMAT = dwarf;
				ENABLE_STRICT_OBJC_MSGSEND = YES;
				ENABLE_TESTABILITY = YES;
				ENABLE_USER_SCRIPT_SANDBOXING = YES;
				GCC_C_LANGUAGE_STANDARD = gnu17;
				GCC_DYNAMIC_NO_PIC = NO;
				GCC_NO_COMMON_BLOCKS = YES;
				GCC_OPTIMIZATION_LEVEL = 0;
				GCC_PREPROCESSOR_DEFINITIONS = (
					"DEBUG=1",
					"$(inherited)",
				);
				GCC_WARN_64_TO_32_BIT_CONVERSION = YES;
				GCC_WARN_ABOUT_RETURN_TYPE = YES_ERROR;
				GCC_WARN_UNDECLARED_SELECTOR = YES;
				GCC_WARN_UNINITIALIZED_AUTOS = YES_AGGRESSIVE;
				GCC_WARN_UNUSED_FUNCTION = YES;
				GCC_WARN_UNUSED_VARIABLE = YES;
				IPHONEOS_DEPLOYMENT_TARGET = 17.2;
				LOCALIZATION_PREFERS_STRING_CATALOGS = YES;
				MTL_ENABLE_DEBUG_INFO = INCLUDE_SOURCE;
				MTL_FAST_MATH = YES;
				ONLY_ACTIVE_ARCH = YES;
				SDKROOT = iphoneos;
				SWIFT_ACTIVE_COMPILATION_CONDITIONS = "DEBUG $(inherited)";
				SWIFT_OPTIMIZATION_LEVEL = "-Onone";
			};
			name = Debug;
		};
		F91E52372B9902E8002DD16D /* Release */ = {
			isa = XCBuildConfiguration;
			buildSettings = {
				ALWAYS_SEARCH_USER_PATHS = NO;
				ASSETCATALOG_COMPILER_GENERATE_SWIFT_ASSET_SYMBOL_EXTENSIONS = YES;
				CLANG_ANALYZER_NONNULL = YES;
				CLANG_ANALYZER_NUMBER_OBJECT_CONVERSION = YES_AGGRESSIVE;
				CLANG_CXX_LANGUAGE_STANDARD = "gnu++20";
				CLANG_ENABLE_MODULES = YES;
				CLANG_ENABLE_OBJC_ARC = YES;
				CLANG_ENABLE_OBJC_WEAK = YES;
				CLANG_WARN_BLOCK_CAPTURE_AUTORELEASING = YES;
				CLANG_WARN_BOOL_CONVERSION = YES;
				CLANG_WARN_COMMA = YES;
				CLANG_WARN_CONSTANT_CONVERSION = YES;
				CLANG_WARN_DEPRECATED_OBJC_IMPLEMENTATIONS = YES;
				CLANG_WARN_DIRECT_OBJC_ISA_USAGE = YES_ERROR;
				CLANG_WARN_DOCUMENTATION_COMMENTS = YES;
				CLANG_WARN_EMPTY_BODY = YES;
				CLANG_WARN_ENUM_CONVERSION = YES;
				CLANG_WARN_INFINITE_RECURSION = YES;
				CLANG_WARN_INT_CONVERSION = YES;
				CLANG_WARN_NON_LITERAL_NULL_CONVERSION = YES;
				CLANG_WARN_OBJC_IMPLICIT_RETAIN_SELF = YES;
				CLANG_WARN_OBJC_LITERAL_CONVERSION = YES;
				CLANG_WARN_OBJC_ROOT_CLASS = YES_ERROR;
				CLANG_WARN_QUOTED_INCLUDE_IN_FRAMEWORK_HEADER = YES;
				CLANG_WARN_RANGE_LOOP_ANALYSIS = YES;
				CLANG_WARN_STRICT_PROTOTYPES = YES;
				CLANG_WARN_SUSPICIOUS_MOVE = YES;
				CLANG_WARN_UNGUARDED_AVAILABILITY = YES_AGGRESSIVE;
				CLANG_WARN_UNREACHABLE_CODE = YES;
				CLANG_WARN__DUPLICATE_METHOD_MATCH = YES;
				COPY_PHASE_STRIP = NO;
				DEBUG_INFORMATION_FORMAT = "dwarf-with-dsym";
				ENABLE_NS_ASSERTIONS = NO;
				ENABLE_STRICT_OBJC_MSGSEND = YES;
				ENABLE_USER_SCRIPT_SANDBOXING = YES;
				GCC_C_LANGUAGE_STANDARD = gnu17;
				GCC_NO_COMMON_BLOCKS = YES;
				GCC_WARN_64_TO_32_BIT_CONVERSION = YES;
				GCC_WARN_ABOUT_RETURN_TYPE = YES_ERROR;
				GCC_WARN_UNDECLARED_SELECTOR = YES;
				GCC_WARN_UNINITIALIZED_AUTOS = YES_AGGRESSIVE;
				GCC_WARN_UNUSED_FUNCTION = YES;
				GCC_WARN_UNUSED_VARIABLE = YES;
				IPHONEOS_DEPLOYMENT_TARGET = 17.2;
				LOCALIZATION_PREFERS_STRING_CATALOGS = YES;
				MTL_ENABLE_DEBUG_INFO = NO;
				MTL_FAST_MATH = YES;
				SDKROOT = iphoneos;
				SWIFT_COMPILATION_MODE = wholemodule;
				VALIDATE_PRODUCT = YES;
			};
			name = Release;
		};
		F91E52392B9902E8002DD16D /* Debug */ = {
			isa = XCBuildConfiguration;
			buildSettings = {
				ASSETCATALOG_COMPILER_APPICON_NAME = AppIcon;
				ASSETCATALOG_COMPILER_GLOBAL_ACCENT_COLOR_NAME = AccentColor;
				CODE_SIGN_STYLE = Automatic;
				CURRENT_PROJECT_VERSION = 1;
				DEVELOPMENT_ASSET_PATHS = "\"NavigationPost/Preview Content\"";
				ENABLE_PREVIEWS = YES;
				GENERATE_INFOPLIST_FILE = YES;
				INFOPLIST_KEY_UIApplicationSceneManifest_Generation = YES;
				INFOPLIST_KEY_UIApplicationSupportsIndirectInputEvents = YES;
				INFOPLIST_KEY_UILaunchScreen_Generation = YES;
				INFOPLIST_KEY_UISupportedInterfaceOrientations_iPad = "UIInterfaceOrientationPortrait UIInterfaceOrientationPortraitUpsideDown UIInterfaceOrientationLandscapeLeft UIInterfaceOrientationLandscapeRight";
				INFOPLIST_KEY_UISupportedInterfaceOrientations_iPhone = "UIInterfaceOrientationPortrait UIInterfaceOrientationLandscapeLeft UIInterfaceOrientationLandscapeRight";
				LD_RUNPATH_SEARCH_PATHS = (
					"$(inherited)",
					"@executable_path/Frameworks",
				);
				MARKETING_VERSION = 1.0;
				PRODUCT_BUNDLE_IDENTIFIER = com.exercise.first.NavigationPost;
				PRODUCT_NAME = "$(TARGET_NAME)";
				SWIFT_EMIT_LOC_STRINGS = YES;
				SWIFT_VERSION = 5.0;
				TARGETED_DEVICE_FAMILY = "1,2";
			};
			name = Debug;
		};
		F91E523A2B9902E8002DD16D /* Release */ = {
			isa = XCBuildConfiguration;
			buildSettings = {
				ASSETCATALOG_COMPILER_APPICON_NAME = AppIcon;
				ASSETCATALOG_COMPILER_GLOBAL_ACCENT_COLOR_NAME = AccentColor;
				CODE_SIGN_STYLE = Automatic;
				CURRENT_PROJECT_VERSION = 1;
				DEVELOPMENT_ASSET_PATHS = "\"NavigationPost/Preview Content\"";
				ENABLE_PREVIEWS = YES;
				GENERATE_INFOPLIST_FILE = YES;
				INFOPLIST_KEY_UIApplicationSceneManifest_Generation = YES;
				INFOPLIST_KEY_UIApplicationSupportsIndirectInputEvents = YES;
				INFOPLIST_KEY_UILaunchScreen_Generation = YES;
				INFOPLIST_KEY_UISupportedInterfaceOrientations_iPad = "UIInterfaceOrientationPortrait UIInterfaceOrientationPortraitUpsideDown UIInterfaceOrientationLandscapeLeft UIInterfaceOrientationLandscapeRight";
				INFOPLIST_KEY_UISupportedInterfaceOrientations_iPhone = "UIInterfaceOrientationPortrait UIInterfaceOrientationLandscapeLeft UIInterfaceOrientationLandscapeRight";
				LD_RUNPATH_SEARCH_PATHS = (
					"$(inherited)",
					"@executable_path/Frameworks",
				);
				MARKETING_VERSION = 1.0;
				PRODUCT_BUNDLE_IDENTIFIER = com.exercise.first.NavigationPost;
				PRODUCT_NAME = "$(TARGET_NAME)";
				SWIFT_EMIT_LOC_STRINGS = YES;
				SWIFT_VERSION = 5.0;
				TARGETED_DEVICE_FAMILY = "1,2";
			};
			name = Release;
		};
/* End XCBuildConfiguration section */

/* Begin XCConfigurationList section */
		F91E52252B9902E6002DD16D /* Build configuration list for PBXProject "NavigationPost" */ = {
			isa = XCConfigurationList;
			buildConfigurations = (
				F91E52362B9902E8002DD16D /* Debug */,
				F91E52372B9902E8002DD16D /* Release */,
			);
			defaultConfigurationIsVisible = 0;
			defaultConfigurationName = Release;
		};
		F91E52382B9902E8002DD16D /* Build configuration list for PBXNativeTarget "NavigationPost" */ = {
			isa = XCConfigurationList;
			buildConfigurations = (
				F91E52392B9902E8002DD16D /* Debug */,
				F91E523A2B9902E8002DD16D /* Release */,
			);
			defaultConfigurationIsVisible = 0;
			defaultConfigurationName = Release;
		};
/* End XCConfigurationList section */
	};
	rootObject = F91E52222B9902E6002DD16D /* Project object */;
}
